
Microsoft Visual Studio Solution File, Format Version 12.00
# Visual Studio 15
VisualStudioVersion = 15.0.28307.902
MinimumVisualStudioVersion = 10.0.40219.1
Project("{FAE04EC0-301F-11D3-BF4B-00C04F79EFBC}") = "WebApplication", "WebApplication\WebApplication.csproj", "{2AD3ACB9-AE01-4AA2-8B82-A06137109700}"
EndProject
Project("{FAE04EC0-301F-11D3-BF4B-00C04F79EFBC}") = "Datos", "Datos\Datos.csproj", "{82694B14-54AD-4001-86F4-0D2EB8D8187F}"
EndProject
Project("{FAE04EC0-301F-11D3-BF4B-00C04F79EFBC}") = "Entidades", "Entidades\Entidades.csproj", "{069E85BD-D496-4F24-A11C-98CE045CBAAE}"
EndProject
Project("{FAE04EC0-301F-11D3-BF4B-00C04F79EFBC}") = "Dominio", "Dominio\Dominio.csproj", "{6CE41FEC-5611-464A-8BC6-57BEC3A6C6B6}"
EndProject
Project("{FAE04EC0-301F-11D3-BF4B-00C04F79EFBC}") = "IoC", "IoC\IoC.csproj", "{63733544-9E10-4F01-9B0E-E4CFBCBCA773}"
EndProject
Global
	GlobalSection(SolutionConfigurationPlatforms) = preSolution
		Debug|Any CPU = Debug|Any CPU
		Release|Any CPU = Release|Any CPU
	EndGlobalSection
	GlobalSection(ProjectConfigurationPlatforms) = postSolution
		{2AD3ACB9-AE01-4AA2-8B82-A06137109700}.Debug|Any CPU.ActiveCfg = Debug|Any CPU
		{2AD3ACB9-AE01-4AA2-8B82-A06137109700}.Debug|Any CPU.Build.0 = Debug|Any CPU
		{2AD3ACB9-AE01-4AA2-8B82-A06137109700}.Release|Any CPU.ActiveCfg = Release|Any CPU
		{2AD3ACB9-AE01-4AA2-8B82-A06137109700}.Release|Any CPU.Build.0 = Release|Any CPU
		{82694B14-54AD-4001-86F4-0D2EB8D8187F}.Debug|Any CPU.ActiveCfg = Debug|Any CPU
		{82694B14-54AD-4001-86F4-0D2EB8D8187F}.Debug|Any CPU.Build.0 = Debug|Any CPU
		{82694B14-54AD-4001-86F4-0D2EB8D8187F}.Release|Any CPU.ActiveCfg = Release|Any CPU
		{82694B14-54AD-4001-86F4-0D2EB8D8187F}.Release|Any CPU.Build.0 = Release|Any CPU
		{069E85BD-D496-4F24-A11C-98CE045CBAAE}.Debug|Any CPU.ActiveCfg = Debug|Any CPU
		{069E85BD-D496-4F24-A11C-98CE045CBAAE}.Debug|Any CPU.Build.0 = Debug|Any CPU
		{069E85BD-D496-4F24-A11C-98CE045CBAAE}.Release|Any CPU.ActiveCfg = Release|Any CPU
		{069E85BD-D496-4F24-A11C-98CE045CBAAE}.Release|Any CPU.Build.0 = Release|Any CPU
		{6CE41FEC-5611-464A-8BC6-57BEC3A6C6B6}.Debug|Any CPU.ActiveCfg = Debug|Any CPU
		{6CE41FEC-5611-464A-8BC6-57BEC3A6C6B6}.Debug|Any CPU.Build.0 = Debug|Any CPU
		{6CE41FEC-5611-464A-8BC6-57BEC3A6C6B6}.Release|Any CPU.ActiveCfg = Release|Any CPU
		{6CE41FEC-5611-464A-8BC6-57BEC3A6C6B6}.Release|Any CPU.Build.0 = Release|Any CPU
		{63733544-9E10-4F01-9B0E-E4CFBCBCA773}.Debug|Any CPU.ActiveCfg = Debug|Any CPU
		{63733544-9E10-4F01-9B0E-E4CFBCBCA773}.Debug|Any CPU.Build.0 = Debug|Any CPU
		{63733544-9E10-4F01-9B0E-E4CFBCBCA773}.Release|Any CPU.ActiveCfg = Release|Any CPU
		{63733544-9E10-4F01-9B0E-E4CFBCBCA773}.Release|Any CPU.Build.0 = Release|Any CPU
	EndGlobalSection
	GlobalSection(SolutionProperties) = preSolution
		HideSolutionNode = FALSE
	EndGlobalSection
	GlobalSection(ExtensibilityGlobals) = postSolution
		SolutionGuid = {E093EA11-596F-44F2-969C-C3DE69BD87EF}
	EndGlobalSection
EndGlobal
